
Microsoft Visual Studio Solution File, Format Version 12.00
# Visual Studio 15
VisualStudioVersion = 15.0.28307.329
MinimumVisualStudioVersion = 10.0.40219.1
Project("{FAE04EC0-301F-11D3-BF4B-00C04F79EFBC}") = "eShop.Core", "eShop.Core\eShop.Core.csproj", "{7C213358-8D77-4C24-9B28-70F86FFC4114}"
EndProject
Project("{FAE04EC0-301F-11D3-BF4B-00C04F79EFBC}") = "eShop.Services", "eShop.Services\eShop.Services.csproj", "{3B40838E-CA1F-45CF-97A2-9B13DE1AAB9C}"
EndProject
Project("{FAE04EC0-301F-11D3-BF4B-00C04F79EFBC}") = "eShop.DataAccess.SQL", "eShop.DataAccess.SQL\eShop.DataAccess.SQL.csproj", "{9E304587-D454-4969-9BE1-89E391535878}"
EndProject
Project("{FAE04EC0-301F-11D3-BF4B-00C04F79EFBC}") = "eShop.DataAccess.InMemory", "eShop.DataAccess.InMemory\eShop.DataAccess.InMemory.csproj", "{8159E71C-0273-411C-A04A-13DB5BB6FB77}"
EndProject
Project("{FAE04EC0-301F-11D3-BF4B-00C04F79EFBC}") = "eShop.WebUI", "eShop.WebUI\eShop.WebUI.csproj", "{F75A204E-59E1-44A8-9120-9F77BC2B4D1C}"
EndProject
Project("{FAE04EC0-301F-11D3-BF4B-00C04F79EFBC}") = "eShop.WebUI.Tests", "eShop.WebUI.Tests\eShop.WebUI.Tests.csproj", "{0A06C096-CEA6-4AEB-B94A-049A03DC9A22}"
EndProject
Global
	GlobalSection(SolutionConfigurationPlatforms) = preSolution
		Debug|Any CPU = Debug|Any CPU
		Release|Any CPU = Release|Any CPU
	EndGlobalSection
	GlobalSection(ProjectConfigurationPlatforms) = postSolution
		{7C213358-8D77-4C24-9B28-70F86FFC4114}.Debug|Any CPU.ActiveCfg = Debug|Any CPU
		{7C213358-8D77-4C24-9B28-70F86FFC4114}.Debug|Any CPU.Build.0 = Debug|Any CPU
		{7C213358-8D77-4C24-9B28-70F86FFC4114}.Release|Any CPU.ActiveCfg = Release|Any CPU
		{7C213358-8D77-4C24-9B28-70F86FFC4114}.Release|Any CPU.Build.0 = Release|Any CPU
		{3B40838E-CA1F-45CF-97A2-9B13DE1AAB9C}.Debug|Any CPU.ActiveCfg = Debug|Any CPU
		{3B40838E-CA1F-45CF-97A2-9B13DE1AAB9C}.Debug|Any CPU.Build.0 = Debug|Any CPU
		{3B40838E-CA1F-45CF-97A2-9B13DE1AAB9C}.Release|Any CPU.ActiveCfg = Release|Any CPU
		{3B40838E-CA1F-45CF-97A2-9B13DE1AAB9C}.Release|Any CPU.Build.0 = Release|Any CPU
		{9E304587-D454-4969-9BE1-89E391535878}.Debug|Any CPU.ActiveCfg = Debug|Any CPU
		{9E304587-D454-4969-9BE1-89E391535878}.Debug|Any CPU.Build.0 = Debug|Any CPU
		{9E304587-D454-4969-9BE1-89E391535878}.Release|Any CPU.ActiveCfg = Release|Any CPU
		{9E304587-D454-4969-9BE1-89E391535878}.Release|Any CPU.Build.0 = Release|Any CPU
		{8159E71C-0273-411C-A04A-13DB5BB6FB77}.Debug|Any CPU.ActiveCfg = Debug|Any CPU
		{8159E71C-0273-411C-A04A-13DB5BB6FB77}.Debug|Any CPU.Build.0 = Debug|Any CPU
		{8159E71C-0273-411C-A04A-13DB5BB6FB77}.Release|Any CPU.ActiveCfg = Release|Any CPU
		{8159E71C-0273-411C-A04A-13DB5BB6FB77}.Release|Any CPU.Build.0 = Release|Any CPU
		{F75A204E-59E1-44A8-9120-9F77BC2B4D1C}.Debug|Any CPU.ActiveCfg = Debug|Any CPU
		{F75A204E-59E1-44A8-9120-9F77BC2B4D1C}.Debug|Any CPU.Build.0 = Debug|Any CPU
		{F75A204E-59E1-44A8-9120-9F77BC2B4D1C}.Release|Any CPU.ActiveCfg = Release|Any CPU
		{F75A204E-59E1-44A8-9120-9F77BC2B4D1C}.Release|Any CPU.Build.0 = Release|Any CPU
		{0A06C096-CEA6-4AEB-B94A-049A03DC9A22}.Debug|Any CPU.ActiveCfg = Debug|Any CPU
		{0A06C096-CEA6-4AEB-B94A-049A03DC9A22}.Debug|Any CPU.Build.0 = Debug|Any CPU
		{0A06C096-CEA6-4AEB-B94A-049A03DC9A22}.Release|Any CPU.ActiveCfg = Release|Any CPU
		{0A06C096-CEA6-4AEB-B94A-049A03DC9A22}.Release|Any CPU.Build.0 = Release|Any CPU
	EndGlobalSection
	GlobalSection(SolutionProperties) = preSolution
		HideSolutionNode = FALSE
	EndGlobalSection
	GlobalSection(ExtensibilityGlobals) = postSolution
		SolutionGuid = {110276D5-88E1-41C5-B4F2-E889FCC38D78}
	EndGlobalSection
EndGlobal
